
Microsoft Visual Studio Solution File, Format Version 12.00
# Visual Studio 2013
VisualStudioVersion = 12.0.30723.0
MinimumVisualStudioVersion = 10.0.40219.1
Project("{FAE04EC0-301F-11D3-BF4B-00C04F79EFBC}") = "AzureAccess", "AzureAccess\AzureAccess.csproj", "{3034EE6D-05B5-4DE3-BE42-554D94A696B0}"
EndProject
Project("{FAE04EC0-301F-11D3-BF4B-00C04F79EFBC}") = "UnitTests", "UnitTests\UnitTests.csproj", "{23BCF3A2-CA0F-473E-BEF0-96F6441DE6F2}"
EndProject
Project("{FAE04EC0-301F-11D3-BF4B-00C04F79EFBC}") = "TaskProcessor", "TaskProcessor\TaskProcessor.csproj", "{168B1B48-3C74-4793-888C-49989E749CCB}"
EndProject
Project("{FAE04EC0-301F-11D3-BF4B-00C04F79EFBC}") = "ApiLayer", "ApiLayer\ApiLayer.csproj", "{E5475F2E-F27E-4486-ABC8-B181E2F00964}"
EndProject
Project("{FAE04EC0-301F-11D3-BF4B-00C04F79EFBC}") = "IntegrationTests", "IntegrationTests\IntegrationTests.csproj", "{DD966514-9EEA-4253-907B-3BD36F0A79CC}"
EndProject
Global
	GlobalSection(SolutionConfigurationPlatforms) = preSolution
		Debug|Any CPU = Debug|Any CPU
		Release|Any CPU = Release|Any CPU
	EndGlobalSection
	GlobalSection(ProjectConfigurationPlatforms) = postSolution
		{3034EE6D-05B5-4DE3-BE42-554D94A696B0}.Debug|Any CPU.ActiveCfg = Debug|Any CPU
		{3034EE6D-05B5-4DE3-BE42-554D94A696B0}.Debug|Any CPU.Build.0 = Debug|Any CPU
		{3034EE6D-05B5-4DE3-BE42-554D94A696B0}.Release|Any CPU.ActiveCfg = Release|Any CPU
		{3034EE6D-05B5-4DE3-BE42-554D94A696B0}.Release|Any CPU.Build.0 = Release|Any CPU
		{23BCF3A2-CA0F-473E-BEF0-96F6441DE6F2}.Debug|Any CPU.ActiveCfg = Debug|Any CPU
		{23BCF3A2-CA0F-473E-BEF0-96F6441DE6F2}.Debug|Any CPU.Build.0 = Debug|Any CPU
		{23BCF3A2-CA0F-473E-BEF0-96F6441DE6F2}.Release|Any CPU.ActiveCfg = Release|Any CPU
		{23BCF3A2-CA0F-473E-BEF0-96F6441DE6F2}.Release|Any CPU.Build.0 = Release|Any CPU
		{168B1B48-3C74-4793-888C-49989E749CCB}.Debug|Any CPU.ActiveCfg = Debug|Any CPU
		{168B1B48-3C74-4793-888C-49989E749CCB}.Debug|Any CPU.Build.0 = Debug|Any CPU
		{168B1B48-3C74-4793-888C-49989E749CCB}.Release|Any CPU.ActiveCfg = Release|Any CPU
		{168B1B48-3C74-4793-888C-49989E749CCB}.Release|Any CPU.Build.0 = Release|Any CPU
		{E5475F2E-F27E-4486-ABC8-B181E2F00964}.Debug|Any CPU.ActiveCfg = Debug|Any CPU
		{E5475F2E-F27E-4486-ABC8-B181E2F00964}.Debug|Any CPU.Build.0 = Debug|Any CPU
		{E5475F2E-F27E-4486-ABC8-B181E2F00964}.Release|Any CPU.ActiveCfg = Release|Any CPU
		{E5475F2E-F27E-4486-ABC8-B181E2F00964}.Release|Any CPU.Build.0 = Release|Any CPU
		{DD966514-9EEA-4253-907B-3BD36F0A79CC}.Debug|Any CPU.ActiveCfg = Debug|Any CPU
		{DD966514-9EEA-4253-907B-3BD36F0A79CC}.Debug|Any CPU.Build.0 = Debug|Any CPU
		{DD966514-9EEA-4253-907B-3BD36F0A79CC}.Release|Any CPU.ActiveCfg = Release|Any CPU
		{DD966514-9EEA-4253-907B-3BD36F0A79CC}.Release|Any CPU.Build.0 = Release|Any CPU
	EndGlobalSection
	GlobalSection(SolutionProperties) = preSolution
		HideSolutionNode = FALSE
	EndGlobalSection
EndGlobal
